
Microsoft Visual Studio Solution File, Format Version 12.00
# Visual Studio 2012
Project("{FAE04EC0-301F-11D3-BF4B-00C04F79EFBC}") = "Sassifier", "Sassifier\Sassifier.csproj", "{95F41FE5-788A-4DA1-A02E-C79D507D6924}"
EndProject
Global
	GlobalSection(SolutionConfigurationPlatforms) = preSolution
		Debug|Any CPU = Debug|Any CPU
		Release|Any CPU = Release|Any CPU
	EndGlobalSection
	GlobalSection(ProjectConfigurationPlatforms) = postSolution
		{95F41FE5-788A-4DA1-A02E-C79D507D6924}.Debug|Any CPU.ActiveCfg = Debug|Any CPU
		{95F41FE5-788A-4DA1-A02E-C79D507D6924}.Debug|Any CPU.Build.0 = Debug|Any CPU
		{95F41FE5-788A-4DA1-A02E-C79D507D6924}.Release|Any CPU.ActiveCfg = Release|Any CPU
		{95F41FE5-788A-4DA1-A02E-C79D507D6924}.Release|Any CPU.Build.0 = Release|Any CPU
	EndGlobalSection
	GlobalSection(SolutionProperties) = preSolution
		HideSolutionNode = FALSE
	EndGlobalSection
EndGlobal
